
Microsoft Visual Studio Solution File, Format Version 12.00
# Visual Studio 2012
Project("{FAE04EC0-301F-11D3-BF4B-00C04F79EFBC}") = "MinerCore", "MinerCore\MinerCore.csproj", "{7D059EFF-8F9D-4473-816D-E1FC3E653A97}"
EndProject
Project("{FAE04EC0-301F-11D3-BF4B-00C04F79EFBC}") = "MinerCoreTests", "MinerCoreTests\MinerCoreTests.csproj", "{9E011BB7-BEAE-42DB-84EB-88836AF1734F}"
EndProject
Global
	GlobalSection(SolutionConfigurationPlatforms) = preSolution
		Debug|Any CPU = Debug|Any CPU
		Release|Any CPU = Release|Any CPU
	EndGlobalSection
	GlobalSection(ProjectConfigurationPlatforms) = postSolution
		{7D059EFF-8F9D-4473-816D-E1FC3E653A97}.Debug|Any CPU.ActiveCfg = Debug|Any CPU
		{7D059EFF-8F9D-4473-816D-E1FC3E653A97}.Debug|Any CPU.Build.0 = Debug|Any CPU
		{7D059EFF-8F9D-4473-816D-E1FC3E653A97}.Release|Any CPU.ActiveCfg = Release|Any CPU
		{7D059EFF-8F9D-4473-816D-E1FC3E653A97}.Release|Any CPU.Build.0 = Release|Any CPU
		{9E011BB7-BEAE-42DB-84EB-88836AF1734F}.Debug|Any CPU.ActiveCfg = Debug|Any CPU
		{9E011BB7-BEAE-42DB-84EB-88836AF1734F}.Debug|Any CPU.Build.0 = Debug|Any CPU
		{9E011BB7-BEAE-42DB-84EB-88836AF1734F}.Release|Any CPU.ActiveCfg = Release|Any CPU
		{9E011BB7-BEAE-42DB-84EB-88836AF1734F}.Release|Any CPU.Build.0 = Release|Any CPU
	EndGlobalSection
	GlobalSection(SolutionProperties) = preSolution
		HideSolutionNode = FALSE
	EndGlobalSection
EndGlobal
